
Microsoft Visual Studio Solution File, Format Version 12.00
# Visual Studio Version 16
VisualStudioVersion = 16.0.31424.327
MinimumVisualStudioVersion = 10.0.40219.1
Project("{FAE04EC0-301F-11D3-BF4B-00C04F79EFBC}") = "01-types-and-variables", "01-types-and-variables\01-types-and-variables.csproj", "{FA201BAD-7B68-4862-B5F5-970F1DE77126}"
EndProject
Project("{FAE04EC0-301F-11D3-BF4B-00C04F79EFBC}") = "02-operators", "02-operators\02-operators.csproj", "{FC547638-C7B0-4659-A81F-45EE27CC51C2}"
EndProject
Project("{FAE04EC0-301F-11D3-BF4B-00C04F79EFBC}") = "03-conditionals", "03-conditionals\03-conditionals.csproj", "{C0A7BD42-9D33-41FC-840F-421270C201E8}"
EndProject
Project("{FAE04EC0-301F-11D3-BF4B-00C04F79EFBC}") = "04-loops", "04-loops\04-loops.csproj", "{43A64042-0144-4D61-B5FE-49B583597CB2}"
EndProject
Project("{FAE04EC0-301F-11D3-BF4B-00C04F79EFBC}") = "05-classes", "05-classes\05-classes.csproj", "{557D5A8E-2C40-47C1-973C-9D7BBBB45D10}"
EndProject
Global
	GlobalSection(SolutionConfigurationPlatforms) = preSolution
		Debug|Any CPU = Debug|Any CPU
		Release|Any CPU = Release|Any CPU
	EndGlobalSection
	GlobalSection(ProjectConfigurationPlatforms) = postSolution
		{FA201BAD-7B68-4862-B5F5-970F1DE77126}.Debug|Any CPU.ActiveCfg = Debug|Any CPU
		{FA201BAD-7B68-4862-B5F5-970F1DE77126}.Debug|Any CPU.Build.0 = Debug|Any CPU
		{FA201BAD-7B68-4862-B5F5-970F1DE77126}.Release|Any CPU.ActiveCfg = Release|Any CPU
		{FA201BAD-7B68-4862-B5F5-970F1DE77126}.Release|Any CPU.Build.0 = Release|Any CPU
		{FC547638-C7B0-4659-A81F-45EE27CC51C2}.Debug|Any CPU.ActiveCfg = Debug|Any CPU
		{FC547638-C7B0-4659-A81F-45EE27CC51C2}.Debug|Any CPU.Build.0 = Debug|Any CPU
		{FC547638-C7B0-4659-A81F-45EE27CC51C2}.Release|Any CPU.ActiveCfg = Release|Any CPU
		{FC547638-C7B0-4659-A81F-45EE27CC51C2}.Release|Any CPU.Build.0 = Release|Any CPU
		{C0A7BD42-9D33-41FC-840F-421270C201E8}.Debug|Any CPU.ActiveCfg = Debug|Any CPU
		{C0A7BD42-9D33-41FC-840F-421270C201E8}.Debug|Any CPU.Build.0 = Debug|Any CPU
		{C0A7BD42-9D33-41FC-840F-421270C201E8}.Release|Any CPU.ActiveCfg = Release|Any CPU
		{C0A7BD42-9D33-41FC-840F-421270C201E8}.Release|Any CPU.Build.0 = Release|Any CPU
		{43A64042-0144-4D61-B5FE-49B583597CB2}.Debug|Any CPU.ActiveCfg = Debug|Any CPU
		{43A64042-0144-4D61-B5FE-49B583597CB2}.Debug|Any CPU.Build.0 = Debug|Any CPU
		{43A64042-0144-4D61-B5FE-49B583597CB2}.Release|Any CPU.ActiveCfg = Release|Any CPU
		{43A64042-0144-4D61-B5FE-49B583597CB2}.Release|Any CPU.Build.0 = Release|Any CPU
		{557D5A8E-2C40-47C1-973C-9D7BBBB45D10}.Debug|Any CPU.ActiveCfg = Debug|Any CPU
		{557D5A8E-2C40-47C1-973C-9D7BBBB45D10}.Debug|Any CPU.Build.0 = Debug|Any CPU
		{557D5A8E-2C40-47C1-973C-9D7BBBB45D10}.Release|Any CPU.ActiveCfg = Release|Any CPU
		{557D5A8E-2C40-47C1-973C-9D7BBBB45D10}.Release|Any CPU.Build.0 = Release|Any CPU
	EndGlobalSection
	GlobalSection(SolutionProperties) = preSolution
		HideSolutionNode = FALSE
	EndGlobalSection
	GlobalSection(ExtensibilityGlobals) = postSolution
		SolutionGuid = {CB6F9B75-F4EE-4692-9A3A-887ED2FFDD86}
	EndGlobalSection
EndGlobal
